{
  "version": 4,
  "terraform_version": "1.9.7",
  "serial": 5,
  "lineage": "97a8a43a-e041-8500-f103-6606fc2f8ff1",
  "outputs": {},
  "resources": [
    {
      "mode": "managed",
      "type": "genesyscloud_flow",
      "name": "INBOUNDCALL_TestTerraform",
      "provider": "provider[\"registry.terraform.io/mypurecloud/genesyscloud\"]",
      "instances": [
        {
          "schema_version": 1,
          "attributes": {
            "file_content_hash": "485e6c4fff9a3a22434d60012dff82afc28d560ddd9d832c1792ad03af446d73",
            "filepath": ".//callflow//TestTerraform.yaml",
            "force_unlock": null,
            "id": "7c5a04bd-4772-460a-8993-a95f2d593adc",
            "substitutions": null
          },
          "sensitive_attributes": [],
          "private": "eyJzY2hlbWFfdmVyc2lvbiI6IjEifQ==",
          "dependencies": [
            "module.Queues.genesyscloud_routing_queue.Test_Form_Queue",
            "module.datatable.genesyscloud_architect_datatable.Test_Terraform",
            "module.userprompt.genesyscloud_architect_user_prompt.TestTerraformPrompt"
          ]
        }
      ]
    },
    {
      "module": "module.Queues",
      "mode": "managed",
      "type": "genesyscloud_routing_queue",
      "name": "Test_Form_Queue",
      "provider": "provider[\"registry.terraform.io/mypurecloud/genesyscloud\"]",
      "instances": [
        {
          "schema_version": 1,
          "attributes": {
            "acw_timeout_ms": 0,
            "acw_wrapup_prompt": "OPTIONAL",
            "agent_owned_routing": [],
            "auto_answer_only": false,
            "bullseye_rings": [],
            "calling_party_name": "",
            "calling_party_number": "",
            "conditional_group_routing_rules": [],
            "default_script_ids": null,
            "description": "Test Queue for Terraform",
            "direct_routing": [],
            "division_id": "1e379d07-e4e0-4784-b940-99729214783c",
            "email_in_queue_flow_id": "",
            "enable_audio_monitoring": false,
            "enable_manual_assignment": false,
            "enable_transcription": false,
            "groups": null,
            "id": "5e3d15b9-59ea-441e-8709-eccf1fec49c0",
            "media_settings_call": [
              {
                "alerting_timeout_sec": 8,
                "auto_dial_delay_seconds": 0,
                "auto_end_delay_seconds": 0,
                "enable_auto_answer": false,
                "enable_auto_dial_and_end": false,
                "service_level_duration_ms": 20000,
                "service_level_percentage": 0.8
              }
            ],
            "media_settings_callback": [
              {
                "alerting_timeout_sec": 30,
                "auto_dial_delay_seconds": 300,
                "auto_end_delay_seconds": 300,
                "enable_auto_answer": false,
                "enable_auto_dial_and_end": false,
                "service_level_duration_ms": 20000,
                "service_level_percentage": 0.8
              }
            ],
            "media_settings_chat": [
              {
                "alerting_timeout_sec": 30,
                "auto_dial_delay_seconds": 0,
                "auto_end_delay_seconds": 0,
                "enable_auto_answer": false,
                "enable_auto_dial_and_end": false,
                "service_level_duration_ms": 20000,
                "service_level_percentage": 0.8
              }
            ],
            "media_settings_email": [
              {
                "alerting_timeout_sec": 300,
                "auto_dial_delay_seconds": 0,
                "auto_end_delay_seconds": 0,
                "enable_auto_answer": false,
                "enable_auto_dial_and_end": false,
                "service_level_duration_ms": 86400000,
                "service_level_percentage": 0.8
              }
            ],
            "media_settings_message": [
              {
                "alerting_timeout_sec": 30,
                "auto_dial_delay_seconds": 0,
                "auto_end_delay_seconds": 0,
                "enable_auto_answer": false,
                "enable_auto_dial_and_end": false,
                "service_level_duration_ms": 20000,
                "service_level_percentage": 0.8
              }
            ],
            "members": [],
            "message_in_queue_flow_id": "",
            "name": "Test_Form_Queue",
            "on_hold_prompt_id": "",
            "outbound_email_address": [],
            "outbound_messaging_open_messaging_recipient_id": "",
            "outbound_messaging_sms_address_id": "",
            "outbound_messaging_whatsapp_recipient_id": "",
            "peer_id": "",
            "queue_flow_id": "",
            "routing_rules": [],
            "scoring_method": "TimestampAndPriority",
            "skill_evaluation_method": "BEST",
            "skill_groups": null,
            "source_queue_id": null,
            "suppress_in_queue_call_recording": true,
            "teams": null,
            "whisper_prompt_id": "",
            "wrapup_codes": []
          },
          "sensitive_attributes": [],
          "private": "eyJzY2hlbWFfdmVyc2lvbiI6IjEifQ=="
        }
      ]
    },
    {
      "module": "module.datatable",
      "mode": "managed",
      "type": "genesyscloud_architect_datatable",
      "name": "Test_Terraform",
      "provider": "provider[\"registry.terraform.io/mypurecloud/genesyscloud\"]",
      "instances": [
        {
          "schema_version": 1,
          "attributes": {
            "description": "Datatable for Terraform modules",
            "division_id": "1e379d07-e4e0-4784-b940-99729214783c",
            "id": "60e71fc9-cb60-497c-b6f6-12b4d6aeda5e",
            "name": "Test_Terraform",
            "properties": [
              {
                "default": "",
                "name": "key",
                "title": "Key",
                "type": "string"
              },
              {
                "default": "",
                "name": "Name",
                "title": "Name",
                "type": "string"
              },
              {
                "default": "",
                "name": "Age",
                "title": "Age",
                "type": "integer"
              },
              {
                "default": "false",
                "name": "IsAvailable",
                "title": "IsAvailable",
                "type": "boolean"
              }
            ]
          },
          "sensitive_attributes": [],
          "private": "eyJzY2hlbWFfdmVyc2lvbiI6IjEifQ=="
        }
      ]
    },
    {
      "module": "module.userprompt",
      "mode": "managed",
      "type": "genesyscloud_architect_user_prompt",
      "name": "TestTerraformPrompt",
      "provider": "provider[\"registry.terraform.io/mypurecloud/genesyscloud\"]",
      "instances": [
        {
          "schema_version": 1,
          "attributes": {
            "description": "Prompt",
            "id": "47976f4c-b2e8-4611-b3a5-73fa2711af29",
            "name": "TestTerraformPrompt",
            "resources": [
              {
                "file_content_hash": "",
                "filename": "",
                "language": "en-us",
                "text": "Hello This is Prudential Help line",
                "tts_string": "Hello This is Prudential Help line"
              }
            ]
          },
          "sensitive_attributes": [],
          "private": "eyJzY2hlbWFfdmVyc2lvbiI6IjEifQ=="
        }
      ]
    }
  ],
  "check_results": null
}
