{
  "version": 4,
  "terraform_version": "1.9.7",
  "serial": 5,
  "lineage": "99eb2662-1c03-6fb4-4e54-879453c7ac78",
  "outputs": {},
  "resources": [
    {
      "mode": "managed",
      "type": "genesyscloud_flow",
      "name": "INBOUNDCALL_TestTerraform",
      "provider": "provider[\"registry.terraform.io/mypurecloud/genesyscloud\"]",
      "instances": [
        {
          "schema_version": 1,
          "attributes": {
            "file_content_hash": "485e6c4fff9a3a22434d60012dff82afc28d560ddd9d832c1792ad03af446d73",
            "filepath": ".//callflow//TestTerraform.yaml",
            "force_unlock": null,
            "id": "6c678222-342e-444f-8c96-d524099fae49",
            "substitutions": null
          },
          "sensitive_attributes": [],
          "private": "eyJzY2hlbWFfdmVyc2lvbiI6IjEifQ==",
          "dependencies": [
            "module.Queues.genesyscloud_routing_queue.Test_Form_Queue",
            "module.datatable.genesyscloud_architect_datatable.Test_Terraform",
            "module.userprompt.genesyscloud_architect_user_prompt.TestTerraformPrompt"
          ]
        }
      ]
    },
    {
      "module": "module.Queues",
      "mode": "managed",
      "type": "genesyscloud_routing_queue",
      "name": "Test_Form_Queue",
      "provider": "provider[\"registry.terraform.io/mypurecloud/genesyscloud\"]",
      "instances": [
        {
          "schema_version": 1,
          "attributes": {
            "acw_timeout_ms": 0,
            "acw_wrapup_prompt": "OPTIONAL",
            "agent_owned_routing": [],
            "auto_answer_only": false,
            "bullseye_rings": [],
            "calling_party_name": "",
            "calling_party_number": "",
            "conditional_group_routing_rules": [],
            "default_script_ids": null,
            "description": "Test Queue for Terraform",
            "direct_routing": [],
            "division_id": "1e379d07-e4e0-4784-b940-99729214783c",
            "email_in_queue_flow_id": "",
            "enable_audio_monitoring": false,
            "enable_manual_assignment": false,
            "enable_transcription": false,
            "groups": null,
            "id": "9a68c9fb-4d57-4149-8dda-2d1b424f72f8",
            "media_settings_call": [
              {
                "alerting_timeout_sec": 8,
                "auto_dial_delay_seconds": 0,
                "auto_end_delay_seconds": 0,
                "enable_auto_answer": false,
                "enable_auto_dial_and_end": false,
                "service_level_duration_ms": 20000,
                "service_level_percentage": 0.8
              }
            ],
            "media_settings_callback": [
              {
                "alerting_timeout_sec": 30,
                "auto_dial_delay_seconds": 300,
                "auto_end_delay_seconds": 300,
                "enable_auto_answer": false,
                "enable_auto_dial_and_end": false,
                "service_level_duration_ms": 20000,
                "service_level_percentage": 0.8
              }
            ],
            "media_settings_chat": [
              {
                "alerting_timeout_sec": 30,
                "auto_dial_delay_seconds": 0,
                "auto_end_delay_seconds": 0,
                "enable_auto_answer": false,
                "enable_auto_dial_and_end": false,
                "service_level_duration_ms": 20000,
                "service_level_percentage": 0.8
              }
            ],
            "media_settings_email": [
              {
                "alerting_timeout_sec": 300,
                "auto_dial_delay_seconds": 0,
                "auto_end_delay_seconds": 0,
                "enable_auto_answer": false,
                "enable_auto_dial_and_end": false,
                "service_level_duration_ms": 86400000,
                "service_level_percentage": 0.8
              }
            ],
            "media_settings_message": [
              {
                "alerting_timeout_sec": 30,
                "auto_dial_delay_seconds": 0,
                "auto_end_delay_seconds": 0,
                "enable_auto_answer": false,
                "enable_auto_dial_and_end": false,
                "service_level_duration_ms": 20000,
                "service_level_percentage": 0.8
              }
            ],
            "members": [],
            "message_in_queue_flow_id": "",
            "name": "Test_Form_Queue",
            "on_hold_prompt_id": "",
            "outbound_email_address": [],
            "outbound_messaging_open_messaging_recipient_id": "",
            "outbound_messaging_sms_address_id": "",
            "outbound_messaging_whatsapp_recipient_id": "",
            "peer_id": "",
            "queue_flow_id": "",
            "routing_rules": [],
            "scoring_method": "TimestampAndPriority",
            "skill_evaluation_method": "BEST",
            "skill_groups": null,
            "source_queue_id": null,
            "suppress_in_queue_call_recording": true,
            "teams": null,
            "whisper_prompt_id": "",
            "wrapup_codes": []
          },
          "sensitive_attributes": [],
          "private": "eyJzY2hlbWFfdmVyc2lvbiI6IjEifQ=="
        }
      ]
    },
    {
      "module": "module.datatable",
      "mode": "managed",
      "type": "genesyscloud_architect_datatable",
      "name": "Test_Terraform",
      "provider": "provider[\"registry.terraform.io/mypurecloud/genesyscloud\"]",
      "instances": [
        {
          "schema_version": 1,
          "attributes": {
            "description": "Datatable for Terraform 1",
            "division_id": "1e379d07-e4e0-4784-b940-99729214783c",
            "id": "8ef6e72a-523d-4c51-97cd-b3514b24070f",
            "name": "Test_Terraform",
            "properties": [
              {
                "default": "",
                "name": "key",
                "title": "Key",
                "type": "string"
              },
              {
                "default": "",
                "name": "Name",
                "title": "Name",
                "type": "string"
              },
              {
                "default": "",
                "name": "Age",
                "title": "Age",
                "type": "integer"
              },
              {
                "default": "false",
                "name": "IsAvailable",
                "title": "IsAvailable",
                "type": "boolean"
              }
            ]
          },
          "sensitive_attributes": [],
          "private": "eyJzY2hlbWFfdmVyc2lvbiI6IjEifQ=="
        }
      ]
    },
    {
      "module": "module.userprompt",
      "mode": "managed",
      "type": "genesyscloud_architect_user_prompt",
      "name": "TestTerraformPrompt",
      "provider": "provider[\"registry.terraform.io/mypurecloud/genesyscloud\"]",
      "instances": [
        {
          "schema_version": 1,
          "attributes": {
            "description": "Prompt",
            "id": "6c7d32a3-da89-4b86-a11b-e93ae5a0e58f",
            "name": "TestTerraformPrompt",
            "resources": [
              {
                "file_content_hash": "",
                "filename": "",
                "language": "en-us",
                "text": "Hello This is Prudential Help line",
                "tts_string": "Hello This is Prudential Help line"
              }
            ]
          },
          "sensitive_attributes": [],
          "private": "eyJzY2hlbWFfdmVyc2lvbiI6IjEifQ=="
        }
      ]
    }
  ],
  "check_results": null
}
